lockfileVersion: '6.0'

settings:
  autoInstallPeers: true
  excludeLinksFromLockfile: false

importers:

  .:
    dependencies:
      xmldoc:
        specifier: 1.0.0
        version: 1.0.0

packages:

  /sax@1.4.1:
    resolution: {integrity: sha512-+aWOz7yVScEGoKNd4PA10LZ8sk0A/z5+nXQG5giUO5rprX9jgYsTdov9qCchZiPIZezbZH+jRut8nPodFAX4Jg==}
    dev: false

  /xmldoc@1.0.0:
    resolution: {integrity: sha512-DXu4EAPwF61owpzb59GDMZRyNX3RBadj5cm6le7Gq663C4gqy93lZuLBQSTO3iA1vFB76tnbyvKgZ9Yo6hTTuw==}
    dependencies:
      sax: 1.4.1
    dev: false
